
Microsoft Visual Studio Solution File, Format Version 12.00
# Visual Studio Version 16
VisualStudioVersion = 16.0.30011.22
MinimumVisualStudioVersion = 10.0.40219.1
Project("{2150E333-8FDC-42A3-9474-1A3956D46DE8}") = "Solution Items", "Solution Items", "{108D5C66-DA92-4430-88FE-8DFFAE70C803}"
	ProjectSection(SolutionItems) = preProject
		TestSettings1.testsettings = TestSettings1.testsettings
	EndProjectSection
EndProject
Project("{FAE04EC0-301F-11D3-BF4B-00C04F79EFBC}") = "UnitTestProject1", "UnitTestProject1\UnitTestProject1.csproj", "{42922750-165F-416F-837F-22669E627B76}"
EndProject
Project("{FAE04EC0-301F-11D3-BF4B-00C04F79EFBC}") = "Services", "Services\Services.csproj", "{223E1947-8371-464C-9A07-37463D0F1B99}"
EndProject
Project("{FAE04EC0-301F-11D3-BF4B-00C04F79EFBC}") = "DataBaseLayer", "DataBaseLayer\DataBaseLayer.csproj", "{6D3EFDD7-EA3B-49C5-958C-3AFF6D13C444}"
EndProject
Project("{9A19103F-16F7-4668-BE54-9A1E7A4F7556}") = "Models", "Models\Models\Models\Models.csproj", "{A45DA771-1AAA-4E77-99C9-13CD917B965E}"
EndProject
Global
	GlobalSection(SolutionConfigurationPlatforms) = preSolution
		Debug|Any CPU = Debug|Any CPU
		Release|Any CPU = Release|Any CPU
	EndGlobalSection
	GlobalSection(ProjectConfigurationPlatforms) = postSolution
		{42922750-165F-416F-837F-22669E627B76}.Debug|Any CPU.ActiveCfg = Debug|Any CPU
		{42922750-165F-416F-837F-22669E627B76}.Debug|Any CPU.Build.0 = Debug|Any CPU
		{42922750-165F-416F-837F-22669E627B76}.Release|Any CPU.ActiveCfg = Release|Any CPU
		{42922750-165F-416F-837F-22669E627B76}.Release|Any CPU.Build.0 = Release|Any CPU
		{223E1947-8371-464C-9A07-37463D0F1B99}.Debug|Any CPU.ActiveCfg = Debug|Any CPU
		{223E1947-8371-464C-9A07-37463D0F1B99}.Debug|Any CPU.Build.0 = Debug|Any CPU
		{223E1947-8371-464C-9A07-37463D0F1B99}.Release|Any CPU.ActiveCfg = Release|Any CPU
		{223E1947-8371-464C-9A07-37463D0F1B99}.Release|Any CPU.Build.0 = Release|Any CPU
		{6D3EFDD7-EA3B-49C5-958C-3AFF6D13C444}.Debug|Any CPU.ActiveCfg = Debug|Any CPU
		{6D3EFDD7-EA3B-49C5-958C-3AFF6D13C444}.Debug|Any CPU.Build.0 = Debug|Any CPU
		{6D3EFDD7-EA3B-49C5-958C-3AFF6D13C444}.Release|Any CPU.ActiveCfg = Release|Any CPU
		{6D3EFDD7-EA3B-49C5-958C-3AFF6D13C444}.Release|Any CPU.Build.0 = Release|Any CPU
		{A45DA771-1AAA-4E77-99C9-13CD917B965E}.Debug|Any CPU.ActiveCfg = Debug|Any CPU
		{A45DA771-1AAA-4E77-99C9-13CD917B965E}.Debug|Any CPU.Build.0 = Debug|Any CPU
		{A45DA771-1AAA-4E77-99C9-13CD917B965E}.Release|Any CPU.ActiveCfg = Release|Any CPU
		{A45DA771-1AAA-4E77-99C9-13CD917B965E}.Release|Any CPU.Build.0 = Release|Any CPU
	EndGlobalSection
	GlobalSection(SolutionProperties) = preSolution
		HideSolutionNode = FALSE
	EndGlobalSection
	GlobalSection(ExtensibilityGlobals) = postSolution
		SolutionGuid = {50FC12CB-2C16-492B-8F44-C9099C620C2B}
	EndGlobalSection
EndGlobal
